
Microsoft Visual Studio Solution File, Format Version 12.00
# Visual Studio Version 16
VisualStudioVersion = 16.0.31313.79
MinimumVisualStudioVersion = 10.0.40219.1
Project("{9A19103F-16F7-4668-BE54-9A1E7A4F7556}") = "BlazorRecipeApp", "BlazorRecipeApp.csproj", "{45841D3C-4F2B-486F-81A8-3E7CE11EA2B7}"
EndProject
Project("{FAE04EC0-301F-11D3-BF4B-00C04F79EFBC}") = "MMServicesTestProject", "..\MMServicesTestProject\MMServicesTestProject.csproj", "{CA23AC9C-46EF-481A-8443-4D9475EE9274}"
EndProject
Global
	GlobalSection(SolutionConfigurationPlatforms) = preSolution
		Debug|Any CPU = Debug|Any CPU
		Release|Any CPU = Release|Any CPU
	EndGlobalSection
	GlobalSection(ProjectConfigurationPlatforms) = postSolution
		{45841D3C-4F2B-486F-81A8-3E7CE11EA2B7}.Debug|Any CPU.ActiveCfg = Debug|Any CPU
		{45841D3C-4F2B-486F-81A8-3E7CE11EA2B7}.Debug|Any CPU.Build.0 = Debug|Any CPU
		{45841D3C-4F2B-486F-81A8-3E7CE11EA2B7}.Release|Any CPU.ActiveCfg = Release|Any CPU
		{45841D3C-4F2B-486F-81A8-3E7CE11EA2B7}.Release|Any CPU.Build.0 = Release|Any CPU
		{CA23AC9C-46EF-481A-8443-4D9475EE9274}.Debug|Any CPU.ActiveCfg = Debug|Any CPU
		{CA23AC9C-46EF-481A-8443-4D9475EE9274}.Debug|Any CPU.Build.0 = Debug|Any CPU
		{CA23AC9C-46EF-481A-8443-4D9475EE9274}.Release|Any CPU.ActiveCfg = Release|Any CPU
		{CA23AC9C-46EF-481A-8443-4D9475EE9274}.Release|Any CPU.Build.0 = Release|Any CPU
	EndGlobalSection
	GlobalSection(SolutionProperties) = preSolution
		HideSolutionNode = FALSE
	EndGlobalSection
	GlobalSection(ExtensibilityGlobals) = postSolution
		SolutionGuid = {7CE7BBED-573E-4A29-9478-3A0E94F071DF}
	EndGlobalSection
EndGlobal
